
Microsoft Visual Studio Solution File, Format Version 12.00
# Visual Studio Version 17
VisualStudioVersion = 17.5.33530.505
MinimumVisualStudioVersion = 10.0.40219.1
Project("{FAE04EC0-301F-11D3-BF4B-00C04F79EFBC}") = "basics", "basics.csproj", "{887538AC-BB4F-4E91-97E5-066C4AEE433D}"
EndProject
Global
	GlobalSection(SolutionConfigurationPlatforms) = preSolution
		Debug|Any CPU = Debug|Any CPU
		Release|Any CPU = Release|Any CPU
	EndGlobalSection
	GlobalSection(ProjectConfigurationPlatforms) = postSolution
		{887538AC-BB4F-4E91-97E5-066C4AEE433D}.Debug|Any CPU.ActiveCfg = Debug|Any CPU
		{887538AC-BB4F-4E91-97E5-066C4AEE433D}.Debug|Any CPU.Build.0 = Debug|Any CPU
		{887538AC-BB4F-4E91-97E5-066C4AEE433D}.Release|Any CPU.ActiveCfg = Release|Any CPU
		{887538AC-BB4F-4E91-97E5-066C4AEE433D}.Release|Any CPU.Build.0 = Release|Any CPU
	EndGlobalSection
	GlobalSection(SolutionProperties) = preSolution
		HideSolutionNode = FALSE
	EndGlobalSection
	GlobalSection(ExtensibilityGlobals) = postSolution
		SolutionGuid = {020421AF-AC45-458C-A445-181C66B2006B}
	EndGlobalSection
EndGlobal
